
Microsoft Visual Studio Solution File, Format Version 12.00
Project("{FAE04EC0-301F-11D3-BF4B-00C04F79EFBC}") = "Napilnik", "Napilnik.csproj", "{9025E47A-162D-4CD9-953E-7FC4F9EB990F}"
EndProject
Global
	GlobalSection(SolutionConfigurationPlatforms) = preSolution
		Debug|Any CPU = Debug|Any CPU
		Release|Any CPU = Release|Any CPU
	EndGlobalSection
	GlobalSection(ProjectConfigurationPlatforms) = postSolution
		{9025E47A-162D-4CD9-953E-7FC4F9EB990F}.Debug|Any CPU.ActiveCfg = Debug|Any CPU
		{9025E47A-162D-4CD9-953E-7FC4F9EB990F}.Debug|Any CPU.Build.0 = Debug|Any CPU
		{9025E47A-162D-4CD9-953E-7FC4F9EB990F}.Release|Any CPU.ActiveCfg = Release|Any CPU
		{9025E47A-162D-4CD9-953E-7FC4F9EB990F}.Release|Any CPU.Build.0 = Release|Any CPU
	EndGlobalSection
EndGlobal
